
Microsoft Visual Studio Solution File, Format Version 12.00
# Visual Studio Version 16
VisualStudioVersion = 16.0.30709.132
MinimumVisualStudioVersion = 10.0.40219.1
Project("{FAE04EC0-301F-11D3-BF4B-00C04F79EFBC}") = "NpgsqlCancellationDesign", "NpgsqlCancellationDesign\NpgsqlCancellationDesign.csproj", "{25C83AEF-E509-4BB6-96AA-F79EC8B83F16}"
EndProject
Project("{FAE04EC0-301F-11D3-BF4B-00C04F79EFBC}") = "Tests", "Tests\Tests.csproj", "{FA95C278-BB74-4AC5-AA52-CC5DEF1EFF4B}"
EndProject
Global
	GlobalSection(SolutionConfigurationPlatforms) = preSolution
		Debug|Any CPU = Debug|Any CPU
		Release|Any CPU = Release|Any CPU
	EndGlobalSection
	GlobalSection(ProjectConfigurationPlatforms) = postSolution
		{25C83AEF-E509-4BB6-96AA-F79EC8B83F16}.Debug|Any CPU.ActiveCfg = Debug|Any CPU
		{25C83AEF-E509-4BB6-96AA-F79EC8B83F16}.Debug|Any CPU.Build.0 = Debug|Any CPU
		{25C83AEF-E509-4BB6-96AA-F79EC8B83F16}.Release|Any CPU.ActiveCfg = Release|Any CPU
		{25C83AEF-E509-4BB6-96AA-F79EC8B83F16}.Release|Any CPU.Build.0 = Release|Any CPU
		{FA95C278-BB74-4AC5-AA52-CC5DEF1EFF4B}.Debug|Any CPU.ActiveCfg = Debug|Any CPU
		{FA95C278-BB74-4AC5-AA52-CC5DEF1EFF4B}.Debug|Any CPU.Build.0 = Debug|Any CPU
		{FA95C278-BB74-4AC5-AA52-CC5DEF1EFF4B}.Release|Any CPU.ActiveCfg = Release|Any CPU
		{FA95C278-BB74-4AC5-AA52-CC5DEF1EFF4B}.Release|Any CPU.Build.0 = Release|Any CPU
	EndGlobalSection
	GlobalSection(SolutionProperties) = preSolution
		HideSolutionNode = FALSE
	EndGlobalSection
	GlobalSection(ExtensibilityGlobals) = postSolution
		SolutionGuid = {F436F7DF-12C5-4311-A8A1-C580CFBBB6FF}
	EndGlobalSection
EndGlobal
